
Microsoft Visual Studio Solution File, Format Version 12.00
# Visual Studio Version 17
VisualStudioVersion = 17.9.34616.47
MinimumVisualStudioVersion = 10.0.40219.1
Project("{FAE04EC0-301F-11D3-BF4B-00C04F79EFBC}") = "calculadoraNacho", "calculadoraNacho.csproj", "{F703CE34-78BF-47D3-8A04-0006A5F4E229}"
EndProject
Global
	GlobalSection(SolutionConfigurationPlatforms) = preSolution
		Debug|Any CPU = Debug|Any CPU
		Release|Any CPU = Release|Any CPU
	EndGlobalSection
	GlobalSection(ProjectConfigurationPlatforms) = postSolution
		{F703CE34-78BF-47D3-8A04-0006A5F4E229}.Debug|Any CPU.ActiveCfg = Debug|Any CPU
		{F703CE34-78BF-47D3-8A04-0006A5F4E229}.Debug|Any CPU.Build.0 = Debug|Any CPU
		{F703CE34-78BF-47D3-8A04-0006A5F4E229}.Release|Any CPU.ActiveCfg = Release|Any CPU
		{F703CE34-78BF-47D3-8A04-0006A5F4E229}.Release|Any CPU.Build.0 = Release|Any CPU
	EndGlobalSection
	GlobalSection(SolutionProperties) = preSolution
		HideSolutionNode = FALSE
	EndGlobalSection
	GlobalSection(ExtensibilityGlobals) = postSolution
		SolutionGuid = {0D721F65-9085-4AAE-9C84-467A2341E290}
	EndGlobalSection
EndGlobal
